{
  "name": "pinecone-project",
  "version": "1.0.0",
  "lockfileVersion": 3,
  "requires": true,
  "packages": {
    "": {
      "name": "pinecone-project",
      "version": "1.0.0",
      "license": "ISC",
      "dependencies": {
        "@pinecone-database/pinecone": "^6.0.1"
      }
    },
    "node_modules/@pinecone-database/pinecone": {
      "version": "6.0.1",
      "resolved": "https://registry.npmjs.org/@pinecone-database/pinecone/-/pinecone-6.0.1.tgz",
      "integrity": "sha512-vCurixSZA7TRhPvLN9EL3k1HNHQ4ZY+A8zEAJrjgyW+IHaV7HLtCqRm0EHuauyhf/NNIiJG69r7hZYLsWOqACA==",
      "engines": {
        "node": ">=18.0.0"
      }
    }
  }
}
